
Microsoft Visual Studio Solution File, Format Version 12.00
# Visual Studio 15
VisualStudioVersion = 15.0.28307.421
MinimumVisualStudioVersion = 10.0.40219.1
Project("{9A19103F-16F7-4668-BE54-9A1E7A4F7556}") = "DataStructures", "DataStructures\DataStructures.csproj", "{07DFC1CC-D921-4203-9B7D-3D2517C285B4}"
EndProject
Project("{FAE04EC0-301F-11D3-BF4B-00C04F79EFBC}") = "TestDataStructure", "TestDataStructure\TestDataStructure.csproj", "{306AB687-C180-4E52-95F6-7AE1F0CC1883}"
EndProject
Global
	GlobalSection(SolutionConfigurationPlatforms) = preSolution
		Debug|Any CPU = Debug|Any CPU
		Release|Any CPU = Release|Any CPU
	EndGlobalSection
	GlobalSection(ProjectConfigurationPlatforms) = postSolution
		{07DFC1CC-D921-4203-9B7D-3D2517C285B4}.Debug|Any CPU.ActiveCfg = Debug|Any CPU
		{07DFC1CC-D921-4203-9B7D-3D2517C285B4}.Debug|Any CPU.Build.0 = Debug|Any CPU
		{07DFC1CC-D921-4203-9B7D-3D2517C285B4}.Release|Any CPU.ActiveCfg = Release|Any CPU
		{07DFC1CC-D921-4203-9B7D-3D2517C285B4}.Release|Any CPU.Build.0 = Release|Any CPU
		{306AB687-C180-4E52-95F6-7AE1F0CC1883}.Debug|Any CPU.ActiveCfg = Debug|Any CPU
		{306AB687-C180-4E52-95F6-7AE1F0CC1883}.Debug|Any CPU.Build.0 = Debug|Any CPU
		{306AB687-C180-4E52-95F6-7AE1F0CC1883}.Release|Any CPU.ActiveCfg = Release|Any CPU
		{306AB687-C180-4E52-95F6-7AE1F0CC1883}.Release|Any CPU.Build.0 = Release|Any CPU
	EndGlobalSection
	GlobalSection(SolutionProperties) = preSolution
		HideSolutionNode = FALSE
	EndGlobalSection
	GlobalSection(ExtensibilityGlobals) = postSolution
		SolutionGuid = {C955B162-7B60-4D0F-A157-C221E1184937}
	EndGlobalSection
EndGlobal
